// !$*UTF8*$!
{
	archiveVersion = 1;
	classes = {
	};
	objectVersion = 56;
	objects = {

/* Begin PBXBuildFile section */
		144729632982A99100979477 /* FishWatchApp.swift in Sources */ = {isa = PBXBuildFile; fileRef = 144729622982A99100979477 /* FishWatchApp.swift */; };
		144729652982A99100979477 /* ContentView.swift in Sources */ = {isa = PBXBuildFile; fileRef = 144729642982A99100979477 /* ContentView.swift */; };
		144729672982A99200979477 /* Assets.xcassets in Resources */ = {isa = PBXBuildFile; fileRef = 144729662982A99200979477 /* Assets.xcassets */; };
		1447296A2982A99200979477 /* Preview Assets.xcassets in Resources */ = {isa = PBXBuildFile; fileRef = 144729692982A99200979477 /* Preview Assets.xcassets */; };
		144729742982A99200979477 /* FishWatchTests.swift in Sources */ = {isa = PBXBuildFile; fileRef = 144729732982A99200979477 /* FishWatchTests.swift */; };
		1447297E2982A99200979477 /* FishWatchUITests.swift in Sources */ = {isa = PBXBuildFile; fileRef = 1447297D2982A99200979477 /* FishWatchUITests.swift */; };
		144729802982A99200979477 /* FishWatchUITestsLaunchTests.swift in Sources */ = {isa = PBXBuildFile; fileRef = 1447297F2982A99200979477 /* FishWatchUITestsLaunchTests.swift */; };
		144729862982A99200979477 /* FishWatch Watch App.app in Embed Watch Content */ = {isa = PBXBuildFile; fileRef = 144729852982A99200979477 /* FishWatch Watch App.app */; settings = {ATTRIBUTES = (RemoveHeadersOnCopy, ); }; };
		1447298B2982A99200979477 /* FishWatchApp.swift in Sources */ = {isa = PBXBuildFile; fileRef = 1447298A2982A99200979477 /* FishWatchApp.swift */; };
		1447298D2982A99200979477 /* ContentView.swift in Sources */ = {isa = PBXBuildFile; fileRef = 1447298C2982A99200979477 /* ContentView.swift */; };
		1447298F2982A99300979477 /* Assets.xcassets in Resources */ = {isa = PBXBuildFile; fileRef = 1447298E2982A99300979477 /* Assets.xcassets */; };
		144729922982A99300979477 /* Preview Assets.xcassets in Resources */ = {isa = PBXBuildFile; fileRef = 144729912982A99300979477 /* Preview Assets.xcassets */; };
		1447299C2982A99300979477 /* FishWatch_Watch_AppTests.swift in Sources */ = {isa = PBXBuildFile; fileRef = 1447299B2982A99300979477 /* FishWatch_Watch_AppTests.swift */; };
		144729A62982A99300979477 /* FishWatch_Watch_AppUITests.swift in Sources */ = {isa = PBXBuildFile; fileRef = 144729A52982A99300979477 /* FishWatch_Watch_AppUITests.swift */; };
		144729A82982A99300979477 /* FishWatch_Watch_AppUITestsLaunchTests.swift in Sources */ = {isa = PBXBuildFile; fileRef = 144729A72982A99300979477 /* FishWatch_Watch_AppUITestsLaunchTests.swift */; };
/* End PBXBuildFile section */

/* Begin PBXContainerItemProxy section */
		144729702982A99200979477 /* PBXContainerItemProxy */ = {
			isa = PBXContainerItemProxy;
			containerPortal = 144729572982A99100979477 /* Project object */;
			proxyType = 1;
			remoteGlobalIDString = 1447295E2982A99100979477;
			remoteInfo = FishWatch;
		};
		1447297A2982A99200979477 /* PBXContainerItemProxy */ = {
			isa = PBXContainerItemProxy;
			containerPortal = 144729572982A99100979477 /* Project object */;
			proxyType = 1;
			remoteGlobalIDString = 1447295E2982A99100979477;
			remoteInfo = FishWatch;
		};
		144729872982A99200979477 /* PBXContainerItemProxy */ = {
			isa = PBXContainerItemProxy;
			containerPortal = 144729572982A99100979477 /* Project object */;
			proxyType = 1;
			remoteGlobalIDString = 144729842982A99200979477;
			remoteInfo = "FishWatch Watch App";
		};
		144729982982A99300979477 /* PBXContainerItemProxy */ = {
			isa = PBXContainerItemProxy;
			containerPortal = 144729572982A99100979477 /* Project object */;
			proxyType = 1;
			remoteGlobalIDString = 144729842982A99200979477;
			remoteInfo = "FishWatch Watch App";
		};
		144729A22982A99300979477 /* PBXContainerItemProxy */ = {
			isa = PBXContainerItemProxy;
			containerPortal = 144729572982A99100979477 /* Project object */;
			proxyType = 1;
			remoteGlobalIDString = 144729842982A99200979477;
			remoteInfo = "FishWatch Watch App";
		};
/* End PBXContainerItemProxy section */

/* Begin PBXCopyFilesBuildPhase section */
		144729AE2982A99300979477 /* Embed Watch Content */ = {
			isa = PBXCopyFilesBuildPhase;
			buildActionMask = 2147483647;
			dstPath = "$(CONTENTS_FOLDER_PATH)/Watch";
			dstSubfolderSpec = 16;
			files = (
				144729862982A99200979477 /* FishWatch Watch App.app in Embed Watch Content */,
			);
			name = "Embed Watch Content";
			runOnlyForDeploymentPostprocessing = 0;
		};
/* End PBXCopyFilesBuildPhase section */

/* Begin PBXFileReference section */
		1447295F2982A99100979477 /* FishWatch.app */ = {isa = PBXFileReference; explicitFileType = wrapper.application; includeInIndex = 0; path = FishWatch.app; sourceTree = BUILT_PRODUCTS_DIR; };
		144729622982A99100979477 /* FishWatchApp.swift */ = {isa = PBXFileReference; lastKnownFileType = sourcecode.swift; path = FishWatchApp.swift; sourceTree = "<group>"; };
		144729642982A99100979477 /* ContentView.swift */ = {isa = PBXFileReference; lastKnownFileType = sourcecode.swift; path = ContentView.swift; sourceTree = "<group>"; };
		144729662982A99200979477 /* Assets.xcassets */ = {isa = PBXFileReference; lastKnownFileType = folder.assetcatalog; path = Assets.xcassets; sourceTree = "<group>"; };
		144729692982A99200979477 /* Preview Assets.xcassets */ = {isa = PBXFileReference; lastKnownFileType = folder.assetcatalog; path = "Preview Assets.xcassets"; sourceTree = "<group>"; };
		1447296F2982A99200979477 /* FishWatchTests.xctest */ = {isa = PBXFileReference; explicitFileType = wrapper.cfbundle; includeInIndex = 0; path = FishWatchTests.xctest; sourceTree = BUILT_PRODUCTS_DIR; };
		144729732982A99200979477 /* FishWatchTests.swift */ = {isa = PBXFileReference; lastKnownFileType = sourcecode.swift; path = FishWatchTests.swift; sourceTree = "<group>"; };
		144729792982A99200979477 /* FishWatchUITests.xctest */ = {isa = PBXFileReference; explicitFileType = wrapper.cfbundle; includeInIndex = 0; path = FishWatchUITests.xctest; sourceTree = BUILT_PRODUCTS_DIR; };
		1447297D2982A99200979477 /* FishWatchUITests.swift */ = {isa = PBXFileReference; lastKnownFileType = sourcecode.swift; path = FishWatchUITests.swift; sourceTree = "<group>"; };
		1447297F2982A99200979477 /* FishWatchUITestsLaunchTests.swift */ = {isa = PBXFileReference; lastKnownFileType = sourcecode.swift; path = FishWatchUITestsLaunchTests.swift; sourceTree = "<group>"; };
		144729852982A99200979477 /* FishWatch Watch App.app */ = {isa = PBXFileReference; explicitFileType = wrapper.application; includeInIndex = 0; path = "FishWatch Watch App.app"; sourceTree = BUILT_PRODUCTS_DIR; };
		1447298A2982A99200979477 /* FishWatchApp.swift */ = {isa = PBXFileReference; lastKnownFileType = sourcecode.swift; path = FishWatchApp.swift; sourceTree = "<group>"; };
		1447298C2982A99200979477 /* ContentView.swift */ = {isa = PBXFileReference; lastKnownFileType = sourcecode.swift; path = ContentView.swift; sourceTree = "<group>"; };
		1447298E2982A99300979477 /* Assets.xcassets */ = {isa = PBXFileReference; lastKnownFileType = folder.assetcatalog; path = Assets.xcassets; sourceTree = "<group>"; };
		144729912982A99300979477 /* Preview Assets.xcassets */ = {isa = PBXFileReference; lastKnownFileType = folder.assetcatalog; path = "Preview Assets.xcassets"; sourceTree = "<group>"; };
		144729972982A99300979477 /* FishWatch Watch AppTests.xctest */ = {isa = PBXFileReference; explicitFileType = wrapper.cfbundle; includeInIndex = 0; path = "FishWatch Watch AppTests.xctest"; sourceTree = BUILT_PRODUCTS_DIR; };
		1447299B2982A99300979477 /* FishWatch_Watch_AppTests.swift */ = {isa = PBXFileReference; lastKnownFileType = sourcecode.swift; path = FishWatch_Watch_AppTests.swift; sourceTree = "<group>"; };
		144729A12982A99300979477 /* FishWatch Watch AppUITests.xctest */ = {isa = PBXFileReference; explicitFileType = wrapper.cfbundle; includeInIndex = 0; path = "FishWatch Watch AppUITests.xctest"; sourceTree = BUILT_PRODUCTS_DIR; };
		144729A52982A99300979477 /* FishWatch_Watch_AppUITests.swift */ = {isa = PBXFileReference; lastKnownFileType = sourcecode.swift; path = FishWatch_Watch_AppUITests.swift; sourceTree = "<group>"; };
		144729A72982A99300979477 /* FishWatch_Watch_AppUITestsLaunchTests.swift */ = {isa = PBXFileReference; lastKnownFileType = sourcecode.swift; path = FishWatch_Watch_AppUITestsLaunchTests.swift; sourceTree = "<group>"; };
/* End PBXFileReference section */

/* Begin PBXFrameworksBuildPhase section */
		1447295C2982A99100979477 /* Frameworks */ = {
			isa = PBXFrameworksBuildPhase;
			buildActionMask = 2147483647;
			files = (
			);
			runOnlyForDeploymentPostprocessing = 0;
		};
		1447296C2982A99200979477 /* Frameworks */ = {
			isa = PBXFrameworksBuildPhase;
			buildActionMask = 2147483647;
			files = (
			);
			runOnlyForDeploymentPostprocessing = 0;
		};
		144729762982A99200979477 /* Frameworks */ = {
			isa = PBXFrameworksBuildPhase;
			buildActionMask = 2147483647;
			files = (
			);
			runOnlyForDeploymentPostprocessing = 0;
		};
		144729822982A99200979477 /* Frameworks */ = {
			isa = PBXFrameworksBuildPhase;
			buildActionMask = 2147483647;
			files = (
			);
			runOnlyForDeploymentPostprocessing = 0;
		};
		144729942982A99300979477 /* Frameworks */ = {
			isa = PBXFrameworksBuildPhase;
			buildActionMask = 2147483647;
			files = (
			);
			runOnlyForDeploymentPostprocessing = 0;
		};
		1447299E2982A99300979477 /* Frameworks */ = {
			isa = PBXFrameworksBuildPhase;
			buildActionMask = 2147483647;
			files = (
			);
			runOnlyForDeploymentPostprocessing = 0;
		};
/* End PBXFrameworksBuildPhase section */

/* Begin PBXGroup section */
		144729562982A99100979477 = {
			isa = PBXGroup;
			children = (
				144729612982A99100979477 /* FishWatch */,
				144729722982A99200979477 /* FishWatchTests */,
				1447297C2982A99200979477 /* FishWatchUITests */,
				144729892982A99200979477 /* FishWatch Watch App */,
				1447299A2982A99300979477 /* FishWatch Watch AppTests */,
				144729A42982A99300979477 /* FishWatch Watch AppUITests */,
				144729602982A99100979477 /* Products */,
			);
			sourceTree = "<group>";
		};
		144729602982A99100979477 /* Products */ = {
			isa = PBXGroup;
			children = (
				1447295F2982A99100979477 /* FishWatch.app */,
				1447296F2982A99200979477 /* FishWatchTests.xctest */,
				144729792982A99200979477 /* FishWatchUITests.xctest */,
				144729852982A99200979477 /* FishWatch Watch App.app */,
				144729972982A99300979477 /* FishWatch Watch AppTests.xctest */,
				144729A12982A99300979477 /* FishWatch Watch AppUITests.xctest */,
			);
			name = Products;
			sourceTree = "<group>";
		};
		144729612982A99100979477 /* FishWatch */ = {
			isa = PBXGroup;
			children = (
				144729622982A99100979477 /* FishWatchApp.swift */,
				144729642982A99100979477 /* ContentView.swift */,
				144729662982A99200979477 /* Assets.xcassets */,
				144729682982A99200979477 /* Preview Content */,
			);
			path = FishWatch;
			sourceTree = "<group>";
		};
		144729682982A99200979477 /* Preview Content */ = {
			isa = PBXGroup;
			children = (
				144729692982A99200979477 /* Preview Assets.xcassets */,
			);
			path = "Preview Content";
			sourceTree = "<group>";
		};
		144729722982A99200979477 /* FishWatchTests */ = {
			isa = PBXGroup;
			children = (
				144729732982A99200979477 /* FishWatchTests.swift */,
			);
			path = FishWatchTests;
			sourceTree = "<group>";
		};
		1447297C2982A99200979477 /* FishWatchUITests */ = {
			isa = PBXGroup;
			children = (
				1447297D2982A99200979477 /* FishWatchUITests.swift */,
				1447297F2982A99200979477 /* FishWatchUITestsLaunchTests.swift */,
			);
			path = FishWatchUITests;
			sourceTree = "<group>";
		};
		144729892982A99200979477 /* FishWatch Watch App */ = {
			isa = PBXGroup;
			children = (
				1447298A2982A99200979477 /* FishWatchApp.swift */,
				1447298C2982A99200979477 /* ContentView.swift */,
				1447298E2982A99300979477 /* Assets.xcassets */,
				144729902982A99300979477 /* Preview Content */,
			);
			path = "FishWatch Watch App";
			sourceTree = "<group>";
		};
		144729902982A99300979477 /* Preview Content */ = {
			isa = PBXGroup;
			children = (
				144729912982A99300979477 /* Preview Assets.xcassets */,
			);
			path = "Preview Content";
			sourceTree = "<group>";
		};
		1447299A2982A99300979477 /* FishWatch Watch AppTests */ = {
			isa = PBXGroup;
			children = (
				1447299B2982A99300979477 /* FishWatch_Watch_AppTests.swift */,
			);
			path = "FishWatch Watch AppTests";
			sourceTree = "<group>";
		};
		144729A42982A99300979477 /* FishWatch Watch AppUITests */ = {
			isa = PBXGroup;
			children = (
				144729A52982A99300979477 /* FishWatch_Watch_AppUITests.swift */,
				144729A72982A99300979477 /* FishWatch_Watch_AppUITestsLaunchTests.swift */,
			);
			path = "FishWatch Watch AppUITests";
			sourceTree = "<group>";
		};
/* End PBXGroup section */

/* Begin PBXNativeTarget section */
		1447295E2982A99100979477 /* FishWatch */ = {
			isa = PBXNativeTarget;
			buildConfigurationList = 144729AF2982A99300979477 /* Build configuration list for PBXNativeTarget "FishWatch" */;
			buildPhases = (
				1447295B2982A99100979477 /* Sources */,
				1447295C2982A99100979477 /* Frameworks */,
				1447295D2982A99100979477 /* Resources */,
				144729AE2982A99300979477 /* Embed Watch Content */,
			);
			buildRules = (
			);
			dependencies = (
				144729882982A99200979477 /* PBXTargetDependency */,
			);
			name = FishWatch;
			productName = FishWatch;
			productReference = 1447295F2982A99100979477 /* FishWatch.app */;
			productType = "com.apple.product-type.application";
		};
		1447296E2982A99200979477 /* FishWatchTests */ = {
			isa = PBXNativeTarget;
			buildConfigurationList = 144729B22982A99300979477 /* Build configuration list for PBXNativeTarget "FishWatchTests" */;
			buildPhases = (
				1447296B2982A99200979477 /* Sources */,
				1447296C2982A99200979477 /* Frameworks */,
				1447296D2982A99200979477 /* Resources */,
			);
			buildRules = (
			);
			dependencies = (
				144729712982A99200979477 /* PBXTargetDependency */,
			);
			name = FishWatchTests;
			productName = FishWatchTests;
			productReference = 1447296F2982A99200979477 /* FishWatchTests.xctest */;
			productType = "com.apple.product-type.bundle.unit-test";
		};
		144729782982A99200979477 /* FishWatchUITests */ = {
			isa = PBXNativeTarget;
			buildConfigurationList = 144729B52982A99300979477 /* Build configuration list for PBXNativeTarget "FishWatchUITests" */;
			buildPhases = (
				144729752982A99200979477 /* Sources */,
				144729762982A99200979477 /* Frameworks */,
				144729772982A99200979477 /* Resources */,
			);
			buildRules = (
			);
			dependencies = (
				1447297B2982A99200979477 /* PBXTargetDependency */,
			);
			name = FishWatchUITests;
			productName = FishWatchUITests;
			productReference = 144729792982A99200979477 /* FishWatchUITests.xctest */;
			productType = "com.apple.product-type.bundle.ui-testing";
		};
		144729842982A99200979477 /* FishWatch Watch App */ = {
			isa = PBXNativeTarget;
			buildConfigurationList = 144729AB2982A99300979477 /* Build configuration list for PBXNativeTarget "FishWatch Watch App" */;
			buildPhases = (
				144729812982A99200979477 /* Sources */,
				144729822982A99200979477 /* Frameworks */,
				144729832982A99200979477 /* Resources */,
			);
			buildRules = (
			);
			dependencies = (
			);
			name = "FishWatch Watch App";
			productName = "FishWatch Watch App";
			productReference = 144729852982A99200979477 /* FishWatch Watch App.app */;
			productType = "com.apple.product-type.application";
		};
		144729962982A99300979477 /* FishWatch Watch AppTests */ = {
			isa = PBXNativeTarget;
			buildConfigurationList = 144729B82982A99300979477 /* Build configuration list for PBXNativeTarget "FishWatch Watch AppTests" */;
			buildPhases = (
				144729932982A99300979477 /* Sources */,
				144729942982A99300979477 /* Frameworks */,
				144729952982A99300979477 /* Resources */,
			);
			buildRules = (
			);
			dependencies = (
				144729992982A99300979477 /* PBXTargetDependency */,
			);
			name = "FishWatch Watch AppTests";
			productName = "FishWatch Watch AppTests";
			productReference = 144729972982A99300979477 /* FishWatch Watch AppTests.xctest */;
			productType = "com.apple.product-type.bundle.unit-test";
		};
		144729A02982A99300979477 /* FishWatch Watch AppUITests */ = {
			isa = PBXNativeTarget;
			buildConfigurationList = 144729BB2982A99300979477 /* Build configuration list for PBXNativeTarget "FishWatch Watch AppUITests" */;
			buildPhases = (
				1447299D2982A99300979477 /* Sources */,
				1447299E2982A99300979477 /* Frameworks */,
				1447299F2982A99300979477 /* Resources */,
			);
			buildRules = (
			);
			dependencies = (
				144729A32982A99300979477 /* PBXTargetDependency */,
			);
			name = "FishWatch Watch AppUITests";
			productName = "FishWatch Watch AppUITests";
			productReference = 144729A12982A99300979477 /* FishWatch Watch AppUITests.xctest */;
			productType = "com.apple.product-type.bundle.ui-testing";
		};
/* End PBXNativeTarget section */

/* Begin PBXProject section */
		144729572982A99100979477 /* Project object */ = {
			isa = PBXProject;
			attributes = {
				BuildIndependentTargetsInParallel = 1;
				LastSwiftUpdateCheck = 1420;
				LastUpgradeCheck = 1420;
				TargetAttributes = {
					1447295E2982A99100979477 = {
						CreatedOnToolsVersion = 14.2;
					};
					1447296E2982A99200979477 = {
						CreatedOnToolsVersion = 14.2;
						TestTargetID = 1447295E2982A99100979477;
					};
					144729782982A99200979477 = {
						CreatedOnToolsVersion = 14.2;
						TestTargetID = 1447295E2982A99100979477;
					};
					144729842982A99200979477 = {
						CreatedOnToolsVersion = 14.2;
					};
					144729962982A99300979477 = {
						CreatedOnToolsVersion = 14.2;
						TestTargetID = 144729842982A99200979477;
					};
					144729A02982A99300979477 = {
						CreatedOnToolsVersion = 14.2;
						TestTargetID = 144729842982A99200979477;
					};
				};
			};
			buildConfigurationList = 1447295A2982A99100979477 /* Build configuration list for PBXProject "FishWatch" */;
			compatibilityVersion = "Xcode 14.0";
			developmentRegion = en;
			hasScannedForEncodings = 0;
			knownRegions = (
				en,
				Base,
			);
			mainGroup = 144729562982A99100979477;
			productRefGroup = 144729602982A99100979477 /* Products */;
			projectDirPath = "";
			projectRoot = "";
			targets = (
				1447295E2982A99100979477 /* FishWatch */,
				1447296E2982A99200979477 /* FishWatchTests */,
				144729782982A99200979477 /* FishWatchUITests */,
				144729842982A99200979477 /* FishWatch Watch App */,
				144729962982A99300979477 /* FishWatch Watch AppTests */,
				144729A02982A99300979477 /* FishWatch Watch AppUITests */,
			);
		};
/* End PBXProject section */

/* Begin PBXResourcesBuildPhase section */
		1447295D2982A99100979477 /* Resources */ = {
			isa = PBXResourcesBuildPhase;
			buildActionMask = 2147483647;
			files = (
				1447296A2982A99200979477 /* Preview Assets.xcassets in Resources */,
				144729672982A99200979477 /* Assets.xcassets in Resources */,
			);
			runOnlyForDeploymentPostprocessing = 0;
		};
		1447296D2982A99200979477 /* Resources */ = {
			isa = PBXResourcesBuildPhase;
			buildActionMask = 2147483647;
			files = (
			);
			runOnlyForDeploymentPostprocessing = 0;
		};
		144729772982A99200979477 /* Resources */ = {
			isa = PBXResourcesBuildPhase;
			buildActionMask = 2147483647;
			files = (
			);
			runOnlyForDeploymentPostprocessing = 0;
		};
		144729832982A99200979477 /* Resources */ = {
			isa = PBXResourcesBuildPhase;
			buildActionMask = 2147483647;
			files = (
				144729922982A99300979477 /* Preview Assets.xcassets in Resources */,
				1447298F2982A99300979477 /* Assets.xcassets in Resources */,
			);
			runOnlyForDeploymentPostprocessing = 0;
		};
		144729952982A99300979477 /* Resources */ = {
			isa = PBXResourcesBuildPhase;
			buildActionMask = 2147483647;
			files = (
			);
			runOnlyForDeploymentPostprocessing = 0;
		};
		1447299F2982A99300979477 /* Resources */ = {
			isa = PBXResourcesBuildPhase;
			buildActionMask = 2147483647;
			files = (
			);
			runOnlyForDeploymentPostprocessing = 0;
		};
/* End PBXResourcesBuildPhase section */

/* Begin PBXSourcesBuildPhase section */
		1447295B2982A99100979477 /* Sources */ = {
			isa = PBXSourcesBuildPhase;
			buildActionMask = 2147483647;
			files = (
				144729652982A99100979477 /* ContentView.swift in Sources */,
				144729632982A99100979477 /* FishWatchApp.swift in Sources */,
			);
			runOnlyForDeploymentPostprocessing = 0;
		};
		1447296B2982A99200979477 /* Sources */ = {
			isa = PBXSourcesBuildPhase;
			buildActionMask = 2147483647;
			files = (
				144729742982A99200979477 /* FishWatchTests.swift in Sources */,
			);
			runOnlyForDeploymentPostprocessing = 0;
		};
		144729752982A99200979477 /* Sources */ = {
			isa = PBXSourcesBuildPhase;
			buildActionMask = 2147483647;
			files = (
				144729802982A99200979477 /* FishWatchUITestsLaunchTests.swift in Sources */,
				1447297E2982A99200979477 /* FishWatchUITests.swift in Sources */,
			);
			runOnlyForDeploymentPostprocessing = 0;
		};
		144729812982A99200979477 /* Sources */ = {
			isa = PBXSourcesBuildPhase;
			buildActionMask = 2147483647;
			files = (
				1447298D2982A99200979477 /* ContentView.swift in Sources */,
				1447298B2982A99200979477 /* FishWatchApp.swift in Sources */,
			);
			runOnlyForDeploymentPostprocessing = 0;
		};
		144729932982A99300979477 /* Sources */ = {
			isa = PBXSourcesBuildPhase;
			buildActionMask = 2147483647;
			files = (
				1447299C2982A99300979477 /* FishWatch_Watch_AppTests.swift in Sources */,
			);
			runOnlyForDeploymentPostprocessing = 0;
		};
		1447299D2982A99300979477 /* Sources */ = {
			isa = PBXSourcesBuildPhase;
			buildActionMask = 2147483647;
			files = (
				144729A82982A99300979477 /* FishWatch_Watch_AppUITestsLaunchTests.swift in Sources */,
				144729A62982A99300979477 /* FishWatch_Watch_AppUITests.swift in Sources */,
			);
			runOnlyForDeploymentPostprocessing = 0;
		};
/* End PBXSourcesBuildPhase section */

/* Begin PBXTargetDependency section */
		144729712982A99200979477 /* PBXTargetDependency */ = {
			isa = PBXTargetDependency;
			target = 1447295E2982A99100979477 /* FishWatch */;
			targetProxy = 144729702982A99200979477 /* PBXContainerItemProxy */;
		};
		1447297B2982A99200979477 /* PBXTargetDependency */ = {
			isa = PBXTargetDependency;
			target = 1447295E2982A99100979477 /* FishWatch */;
			targetProxy = 1447297A2982A99200979477 /* PBXContainerItemProxy */;
		};
		144729882982A99200979477 /* PBXTargetDependency */ = {
			isa = PBXTargetDependency;
			target = 144729842982A99200979477 /* FishWatch Watch App */;
			targetProxy = 144729872982A99200979477 /* PBXContainerItemProxy */;
		};
		144729992982A99300979477 /* PBXTargetDependency */ = {
			isa = PBXTargetDependency;
			target = 144729842982A99200979477 /* FishWatch Watch App */;
			targetProxy = 144729982982A99300979477 /* PBXContainerItemProxy */;
		};
		144729A32982A99300979477 /* PBXTargetDependency */ = {
			isa = PBXTargetDependency;
			target = 144729842982A99200979477 /* FishWatch Watch App */;
			targetProxy = 144729A22982A99300979477 /* PBXContainerItemProxy */;
		};
/* End PBXTargetDependency section */

/* Begin XCBuildConfiguration section */
		144729A92982A99300979477 /* Debug */ = {
			isa = XCBuildConfiguration;
			buildSettings = {
				ALWAYS_SEARCH_USER_PATHS = NO;
				CLANG_ANALYZER_NONNULL = YES;
				CLANG_ANALYZER_NUMBER_OBJECT_CONVERSION = YES_AGGRESSIVE;
				CLANG_CXX_LANGUAGE_STANDARD = "gnu++20";
				CLANG_ENABLE_MODULES = YES;
				CLANG_ENABLE_OBJC_ARC = YES;
				CLANG_ENABLE_OBJC_WEAK = YES;
				CLANG_WARN_BLOCK_CAPTURE_AUTORELEASING = YES;
				CLANG_WARN_BOOL_CONVERSION = YES;
				CLANG_WARN_COMMA = YES;
				CLANG_WARN_CONSTANT_CONVERSION = YES;
				CLANG_WARN_DEPRECATED_OBJC_IMPLEMENTATIONS = YES;
				CLANG_WARN_DIRECT_OBJC_ISA_USAGE = YES_ERROR;
				CLANG_WARN_DOCUMENTATION_COMMENTS = YES;
				CLANG_WARN_EMPTY_BODY = YES;
				CLANG_WARN_ENUM_CONVERSION = YES;
				CLANG_WARN_INFINITE_RECURSION = YES;
				CLANG_WARN_INT_CONVERSION = YES;
				CLANG_WARN_NON_LITERAL_NULL_CONVERSION = YES;
				CLANG_WARN_OBJC_IMPLICIT_RETAIN_SELF = YES;
				CLANG_WARN_OBJC_LITERAL_CONVERSION = YES;
				CLANG_WARN_OBJC_ROOT_CLASS = YES_ERROR;
				CLANG_WARN_QUOTED_INCLUDE_IN_FRAMEWORK_HEADER = YES;
				CLANG_WARN_RANGE_LOOP_ANALYSIS = YES;
				CLANG_WARN_STRICT_PROTOTYPES = YES;
				CLANG_WARN_SUSPICIOUS_MOVE = YES;
				CLANG_WARN_UNGUARDED_AVAILABILITY = YES_AGGRESSIVE;
				CLANG_WARN_UNREACHABLE_CODE = YES;
				CLANG_WARN__DUPLICATE_METHOD_MATCH = YES;
				COPY_PHASE_STRIP = NO;
				DEBUG_INFORMATION_FORMAT = dwarf;
				ENABLE_STRICT_OBJC_MSGSEND = YES;
				ENABLE_TESTABILITY = YES;
				GCC_C_LANGUAGE_STANDARD = gnu11;
				GCC_DYNAMIC_NO_PIC = NO;
				GCC_NO_COMMON_BLOCKS = YES;
				GCC_OPTIMIZATION_LEVEL = 0;
				GCC_PREPROCESSOR_DEFINITIONS = (
					"DEBUG=1",
					"$(inherited)",
				);
				GCC_WARN_64_TO_32_BIT_CONVERSION = YES;
				GCC_WARN_ABOUT_RETURN_TYPE = YES_ERROR;
				GCC_WARN_UNDECLARED_SELECTOR = YES;
				GCC_WARN_UNINITIALIZED_AUTOS = YES_AGGRESSIVE;
				GCC_WARN_UNUSED_FUNCTION = YES;
				GCC_WARN_UNUSED_VARIABLE = YES;
				MTL_ENABLE_DEBUG_INFO = INCLUDE_SOURCE;
				MTL_FAST_MATH = YES;
				ONLY_ACTIVE_ARCH = YES;
				SWIFT_ACTIVE_COMPILATION_CONDITIONS = DEBUG;
				SWIFT_OPTIMIZATION_LEVEL = "-Onone";
			};
			name = Debug;
		};
		144729AA2982A99300979477 /* Release */ = {
			isa = XCBuildConfiguration;
			buildSettings = {
				ALWAYS_SEARCH_USER_PATHS = NO;
				CLANG_ANALYZER_NONNULL = YES;
				CLANG_ANALYZER_NUMBER_OBJECT_CONVERSION = YES_AGGRESSIVE;
				CLANG_CXX_LANGUAGE_STANDARD = "gnu++20";
				CLANG_ENABLE_MODULES = YES;
				CLANG_ENABLE_OBJC_ARC = YES;
				CLANG_ENABLE_OBJC_WEAK = YES;
				CLANG_WARN_BLOCK_CAPTURE_AUTORELEASING = YES;
				CLANG_WARN_BOOL_CONVERSION = YES;
				CLANG_WARN_COMMA = YES;
				CLANG_WARN_CONSTANT_CONVERSION = YES;
				CLANG_WARN_DEPRECATED_OBJC_IMPLEMENTATIONS = YES;
				CLANG_WARN_DIRECT_OBJC_ISA_USAGE = YES_ERROR;
				CLANG_WARN_DOCUMENTATION_COMMENTS = YES;
				CLANG_WARN_EMPTY_BODY = YES;
				CLANG_WARN_ENUM_CONVERSION = YES;
				CLANG_WARN_INFINITE_RECURSION = YES;
				CLANG_WARN_INT_CONVERSION = YES;
				CLANG_WARN_NON_LITERAL_NULL_CONVERSION = YES;
				CLANG_WARN_OBJC_IMPLICIT_RETAIN_SELF = YES;
				CLANG_WARN_OBJC_LITERAL_CONVERSION = YES;
				CLANG_WARN_OBJC_ROOT_CLASS = YES_ERROR;
				CLANG_WARN_QUOTED_INCLUDE_IN_FRAMEWORK_HEADER = YES;
				CLANG_WARN_RANGE_LOOP_ANALYSIS = YES;
				CLANG_WARN_STRICT_PROTOTYPES = YES;
				CLANG_WARN_SUSPICIOUS_MOVE = YES;
				CLANG_WARN_UNGUARDED_AVAILABILITY = YES_AGGRESSIVE;
				CLANG_WARN_UNREACHABLE_CODE = YES;
				CLANG_WARN__DUPLICATE_METHOD_MATCH = YES;
				COPY_PHASE_STRIP = NO;
				DEBUG_INFORMATION_FORMAT = "dwarf-with-dsym";
				ENABLE_NS_ASSERTIONS = NO;
				ENABLE_STRICT_OBJC_MSGSEND = YES;
				GCC_C_LANGUAGE_STANDARD = gnu11;
				GCC_NO_COMMON_BLOCKS = YES;
				GCC_WARN_64_TO_32_BIT_CONVERSION = YES;
				GCC_WARN_ABOUT_RETURN_TYPE = YES_ERROR;
				GCC_WARN_UNDECLARED_SELECTOR = YES;
				GCC_WARN_UNINITIALIZED_AUTOS = YES_AGGRESSIVE;
				GCC_WARN_UNUSED_FUNCTION = YES;
				GCC_WARN_UNUSED_VARIABLE = YES;
				MTL_ENABLE_DEBUG_INFO = NO;
				MTL_FAST_MATH = YES;
				SWIFT_COMPILATION_MODE = wholemodule;
				SWIFT_OPTIMIZATION_LEVEL = "-O";
			};
			name = Release;
		};
		144729AC2982A99300979477 /* Debug */ = {
			isa = XCBuildConfiguration;
			buildSettings = {
				ASSETCATALOG_COMPILER_APPICON_NAME = AppIcon;
				ASSETCATALOG_COMPILER_GLOBAL_ACCENT_COLOR_NAME = AccentColor;
				CODE_SIGN_STYLE = Automatic;
				CURRENT_PROJECT_VERSION = 1;
				DEVELOPMENT_ASSET_PATHS = "\"FishWatch Watch App/Preview Content\"";
				DEVELOPMENT_TEAM = RQSSZPM46L;
				ENABLE_PREVIEWS = YES;
				GENERATE_INFOPLIST_FILE = YES;
				INFOPLIST_KEY_CFBundleDisplayName = FishWatch;
				INFOPLIST_KEY_UISupportedInterfaceOrientations = "UIInterfaceOrientationPortrait UIInterfaceOrientationPortraitUpsideDown";
				INFOPLIST_KEY_WKCompanionAppBundleIdentifier = nakamas.FishWatch;
				LD_RUNPATH_SEARCH_PATHS = (
					"$(inherited)",
					"@executable_path/Frameworks",
				);
				MARKETING_VERSION = 1.0;
				PRODUCT_BUNDLE_IDENTIFIER = nakamas.FishWatch.watchkitapp;
				PRODUCT_NAME = "$(TARGET_NAME)";
				SDKROOT = watchos;
				SKIP_INSTALL = YES;
				SWIFT_EMIT_LOC_STRINGS = YES;
				SWIFT_VERSION = 5.0;
				TARGETED_DEVICE_FAMILY = 4;
				WATCHOS_DEPLOYMENT_TARGET = 9.1;
			};
			name = Debug;
		};
		144729AD2982A99300979477 /* Release */ = {
			isa = XCBuildConfiguration;
			buildSettings = {
				ASSETCATALOG_COMPILER_APPICON_NAME = AppIcon;
				ASSETCATALOG_COMPILER_GLOBAL_ACCENT_COLOR_NAME = AccentColor;
				CODE_SIGN_STYLE = Automatic;
				CURRENT_PROJECT_VERSION = 1;
				DEVELOPMENT_ASSET_PATHS = "\"FishWatch Watch App/Preview Content\"";
				DEVELOPMENT_TEAM = RQSSZPM46L;
				ENABLE_PREVIEWS = YES;
				GENERATE_INFOPLIST_FILE = YES;
				INFOPLIST_KEY_CFBundleDisplayName = FishWatch;
				INFOPLIST_KEY_UISupportedInterfaceOrientations = "UIInterfaceOrientationPortrait UIInterfaceOrientationPortraitUpsideDown";
				INFOPLIST_KEY_WKCompanionAppBundleIdentifier = nakamas.FishWatch;
				LD_RUNPATH_SEARCH_PATHS = (
					"$(inherited)",
					"@executable_path/Frameworks",
				);
				MARKETING_VERSION = 1.0;
				PRODUCT_BUNDLE_IDENTIFIER = nakamas.FishWatch.watchkitapp;
				PRODUCT_NAME = "$(TARGET_NAME)";
				SDKROOT = watchos;
				SKIP_INSTALL = YES;
				SWIFT_EMIT_LOC_STRINGS = YES;
				SWIFT_VERSION = 5.0;
				TARGETED_DEVICE_FAMILY = 4;
				VALIDATE_PRODUCT = YES;
				WATCHOS_DEPLOYMENT_TARGET = 9.1;
			};
			name = Release;
		};
		144729B02982A99300979477 /* Debug */ = {
			isa = XCBuildConfiguration;
			buildSettings = {
				ALWAYS_EMBED_SWIFT_STANDARD_LIBRARIES = YES;
				ASSETCATALOG_COMPILER_APPICON_NAME = AppIcon;
				ASSETCATALOG_COMPILER_GLOBAL_ACCENT_COLOR_NAME = AccentColor;
				CODE_SIGN_STYLE = Automatic;
				CURRENT_PROJECT_VERSION = 1;
				DEVELOPMENT_ASSET_PATHS = "\"FishWatch/Preview Content\"";
				DEVELOPMENT_TEAM = RQSSZPM46L;
				ENABLE_PREVIEWS = YES;
				GENERATE_INFOPLIST_FILE = YES;
				INFOPLIST_KEY_CFBundleDisplayName = FishWatch;
				INFOPLIST_KEY_UIApplicationSceneManifest_Generation = YES;
				INFOPLIST_KEY_UIApplicationSupportsIndirectInputEvents = YES;
				INFOPLIST_KEY_UILaunchScreen_Generation = YES;
				INFOPLIST_KEY_UISupportedInterfaceOrientations_iPad = "UIInterfaceOrientationPortrait UIInterfaceOrientationPortraitUpsideDown UIInterfaceOrientationLandscapeLeft UIInterfaceOrientationLandscapeRight";
				INFOPLIST_KEY_UISupportedInterfaceOrientations_iPhone = "UIInterfaceOrientationPortrait UIInterfaceOrientationLandscapeLeft UIInterfaceOrientationLandscapeRight";
				IPHONEOS_DEPLOYMENT_TARGET = 16.2;
				LD_RUNPATH_SEARCH_PATHS = (
					"$(inherited)",
					"@executable_path/Frameworks",
				);
				MARKETING_VERSION = 1.0;
				PRODUCT_BUNDLE_IDENTIFIER = nakamas.FishWatch;
				PRODUCT_NAME = "$(TARGET_NAME)";
				SDKROOT = iphoneos;
				SWIFT_EMIT_LOC_STRINGS = YES;
				SWIFT_VERSION = 5.0;
				TARGETED_DEVICE_FAMILY = "1,2";
			};
			name = Debug;
		};
		144729B12982A99300979477 /* Release */ = {
			isa = XCBuildConfiguration;
			buildSettings = {
				ALWAYS_EMBED_SWIFT_STANDARD_LIBRARIES = YES;
				ASSETCATALOG_COMPILER_APPICON_NAME = AppIcon;
				ASSETCATALOG_COMPILER_GLOBAL_ACCENT_COLOR_NAME = AccentColor;
				CODE_SIGN_STYLE = Automatic;
				CURRENT_PROJECT_VERSION = 1;
				DEVELOPMENT_ASSET_PATHS = "\"FishWatch/Preview Content\"";
				DEVELOPMENT_TEAM = RQSSZPM46L;
				ENABLE_PREVIEWS = YES;
				GENERATE_INFOPLIST_FILE = YES;
				INFOPLIST_KEY_CFBundleDisplayName = FishWatch;
				INFOPLIST_KEY_UIApplicationSceneManifest_Generation = YES;
				INFOPLIST_KEY_UIApplicationSupportsIndirectInputEvents = YES;
				INFOPLIST_KEY_UILaunchScreen_Generation = YES;
				INFOPLIST_KEY_UISupportedInterfaceOrientations_iPad = "UIInterfaceOrientationPortrait UIInterfaceOrientationPortraitUpsideDown UIInterfaceOrientationLandscapeLeft UIInterfaceOrientationLandscapeRight";
				INFOPLIST_KEY_UISupportedInterfaceOrientations_iPhone = "UIInterfaceOrientationPortrait UIInterfaceOrientationLandscapeLeft UIInterfaceOrientationLandscapeRight";
				IPHONEOS_DEPLOYMENT_TARGET = 16.2;
				LD_RUNPATH_SEARCH_PATHS = (
					"$(inherited)",
					"@executable_path/Frameworks",
				);
				MARKETING_VERSION = 1.0;
				PRODUCT_BUNDLE_IDENTIFIER = nakamas.FishWatch;
				PRODUCT_NAME = "$(TARGET_NAME)";
				SDKROOT = iphoneos;
				SWIFT_EMIT_LOC_STRINGS = YES;
				SWIFT_VERSION = 5.0;
				TARGETED_DEVICE_FAMILY = "1,2";
				VALIDATE_PRODUCT = YES;
			};
			name = Release;
		};
		144729B32982A99300979477 /* Debug */ = {
			isa = XCBuildConfiguration;
			buildSettings = {
				ALWAYS_EMBED_SWIFT_STANDARD_LIBRARIES = YES;
				BUNDLE_LOADER = "$(TEST_HOST)";
				CODE_SIGN_STYLE = Automatic;
				CURRENT_PROJECT_VERSION = 1;
				DEVELOPMENT_TEAM = RQSSZPM46L;
				GENERATE_INFOPLIST_FILE = YES;
				IPHONEOS_DEPLOYMENT_TARGET = 16.2;
				MARKETING_VERSION = 1.0;
				PRODUCT_BUNDLE_IDENTIFIER = nakamas.FishWatchTests;
				PRODUCT_NAME = "$(TARGET_NAME)";
				SDKROOT = iphoneos;
				SWIFT_EMIT_LOC_STRINGS = NO;
				SWIFT_VERSION = 5.0;
				TARGETED_DEVICE_FAMILY = "1,2";
				TEST_HOST = "$(BUILT_PRODUCTS_DIR)/FishWatch.app/$(BUNDLE_EXECUTABLE_FOLDER_PATH)/FishWatch";
			};
			name = Debug;
		};
		144729B42982A99300979477 /* Release */ = {
			isa = XCBuildConfiguration;
			buildSettings = {
				ALWAYS_EMBED_SWIFT_STANDARD_LIBRARIES = YES;
				BUNDLE_LOADER = "$(TEST_HOST)";
				CODE_SIGN_STYLE = Automatic;
				CURRENT_PROJECT_VERSION = 1;
				DEVELOPMENT_TEAM = RQSSZPM46L;
				GENERATE_INFOPLIST_FILE = YES;
				IPHONEOS_DEPLOYMENT_TARGET = 16.2;
				MARKETING_VERSION = 1.0;
				PRODUCT_BUNDLE_IDENTIFIER = nakamas.FishWatchTests;
				PRODUCT_NAME = "$(TARGET_NAME)";
				SDKROOT = iphoneos;
				SWIFT_EMIT_LOC_STRINGS = NO;
				SWIFT_VERSION = 5.0;
				TARGETED_DEVICE_FAMILY = "1,2";
				TEST_HOST = "$(BUILT_PRODUCTS_DIR)/FishWatch.app/$(BUNDLE_EXECUTABLE_FOLDER_PATH)/FishWatch";
				VALIDATE_PRODUCT = YES;
			};
			name = Release;
		};
		144729B62982A99300979477 /* Debug */ = {
			isa = XCBuildConfiguration;
			buildSettings = {
				ALWAYS_EMBED_SWIFT_STANDARD_LIBRARIES = YES;
				CODE_SIGN_STYLE = Automatic;
				CURRENT_PROJECT_VERSION = 1;
				DEVELOPMENT_TEAM = RQSSZPM46L;
				GENERATE_INFOPLIST_FILE = YES;
				IPHONEOS_DEPLOYMENT_TARGET = 16.2;
				MARKETING_VERSION = 1.0;
				PRODUCT_BUNDLE_IDENTIFIER = nakamas.FishWatchUITests;
				PRODUCT_NAME = "$(TARGET_NAME)";
				SDKROOT = iphoneos;
				SWIFT_EMIT_LOC_STRINGS = NO;
				SWIFT_VERSION = 5.0;
				TARGETED_DEVICE_FAMILY = "1,2";
				TEST_TARGET_NAME = FishWatch;
			};
			name = Debug;
		};
		144729B72982A99300979477 /* Release */ = {
			isa = XCBuildConfiguration;
			buildSettings = {
				ALWAYS_EMBED_SWIFT_STANDARD_LIBRARIES = YES;
				CODE_SIGN_STYLE = Automatic;
				CURRENT_PROJECT_VERSION = 1;
				DEVELOPMENT_TEAM = RQSSZPM46L;
				GENERATE_INFOPLIST_FILE = YES;
				IPHONEOS_DEPLOYMENT_TARGET = 16.2;
				MARKETING_VERSION = 1.0;
				PRODUCT_BUNDLE_IDENTIFIER = nakamas.FishWatchUITests;
				PRODUCT_NAME = "$(TARGET_NAME)";
				SDKROOT = iphoneos;
				SWIFT_EMIT_LOC_STRINGS = NO;
				SWIFT_VERSION = 5.0;
				TARGETED_DEVICE_FAMILY = "1,2";
				TEST_TARGET_NAME = FishWatch;
				VALIDATE_PRODUCT = YES;
			};
			name = Release;
		};
		144729B92982A99300979477 /* Debug */ = {
			isa = XCBuildConfiguration;
			buildSettings = {
				ALWAYS_EMBED_SWIFT_STANDARD_LIBRARIES = YES;
				BUNDLE_LOADER = "$(TEST_HOST)";
				CODE_SIGN_STYLE = Automatic;
				CURRENT_PROJECT_VERSION = 1;
				DEVELOPMENT_TEAM = RQSSZPM46L;
				GENERATE_INFOPLIST_FILE = YES;
				MARKETING_VERSION = 1.0;
				PRODUCT_BUNDLE_IDENTIFIER = "nakamas.FishWatch-Watch-AppTests";
				PRODUCT_NAME = "$(TARGET_NAME)";
				SDKROOT = watchos;
				SWIFT_EMIT_LOC_STRINGS = NO;
				SWIFT_VERSION = 5.0;
				TARGETED_DEVICE_FAMILY = 4;
				TEST_HOST = "$(BUILT_PRODUCTS_DIR)/FishWatch Watch App.app/$(BUNDLE_EXECUTABLE_FOLDER_PATH)/FishWatch Watch App";
				WATCHOS_DEPLOYMENT_TARGET = 9.1;
			};
			name = Debug;
		};
		144729BA2982A99300979477 /* Release */ = {
			isa = XCBuildConfiguration;
			buildSettings = {
				ALWAYS_EMBED_SWIFT_STANDARD_LIBRARIES = YES;
				BUNDLE_LOADER = "$(TEST_HOST)";
				CODE_SIGN_STYLE = Automatic;
				CURRENT_PROJECT_VERSION = 1;
				DEVELOPMENT_TEAM = RQSSZPM46L;
				GENERATE_INFOPLIST_FILE = YES;
				MARKETING_VERSION = 1.0;
				PRODUCT_BUNDLE_IDENTIFIER = "nakamas.FishWatch-Watch-AppTests";
				PRODUCT_NAME = "$(TARGET_NAME)";
				SDKROOT = watchos;
				SWIFT_EMIT_LOC_STRINGS = NO;
				SWIFT_VERSION = 5.0;
				TARGETED_DEVICE_FAMILY = 4;
				TEST_HOST = "$(BUILT_PRODUCTS_DIR)/FishWatch Watch App.app/$(BUNDLE_EXECUTABLE_FOLDER_PATH)/FishWatch Watch App";
				VALIDATE_PRODUCT = YES;
				WATCHOS_DEPLOYMENT_TARGET = 9.1;
			};
			name = Release;
		};
		144729BC2982A99300979477 /* Debug */ = {
			isa = XCBuildConfiguration;
			buildSettings = {
				ALWAYS_EMBED_SWIFT_STANDARD_LIBRARIES = YES;
				CODE_SIGN_STYLE = Automatic;
				CURRENT_PROJECT_VERSION = 1;
				DEVELOPMENT_TEAM = RQSSZPM46L;
				GENERATE_INFOPLIST_FILE = YES;
				MARKETING_VERSION = 1.0;
				PRODUCT_BUNDLE_IDENTIFIER = "nakamas.FishWatch-Watch-AppUITests";
				PRODUCT_NAME = "$(TARGET_NAME)";
				SDKROOT = watchos;
				SWIFT_EMIT_LOC_STRINGS = NO;
				SWIFT_VERSION = 5.0;
				TARGETED_DEVICE_FAMILY = 4;
				TEST_TARGET_NAME = "FishWatch Watch App";
				WATCHOS_DEPLOYMENT_TARGET = 9.1;
			};
			name = Debug;
		};
		144729BD2982A99300979477 /* Release */ = {
			isa = XCBuildConfiguration;
			buildSettings = {
				ALWAYS_EMBED_SWIFT_STANDARD_LIBRARIES = YES;
				CODE_SIGN_STYLE = Automatic;
				CURRENT_PROJECT_VERSION = 1;
				DEVELOPMENT_TEAM = RQSSZPM46L;
				GENERATE_INFOPLIST_FILE = YES;
				MARKETING_VERSION = 1.0;
				PRODUCT_BUNDLE_IDENTIFIER = "nakamas.FishWatch-Watch-AppUITests";
				PRODUCT_NAME = "$(TARGET_NAME)";
				SDKROOT = watchos;
				SWIFT_EMIT_LOC_STRINGS = NO;
				SWIFT_VERSION = 5.0;
				TARGETED_DEVICE_FAMILY = 4;
				TEST_TARGET_NAME = "FishWatch Watch App";
				VALIDATE_PRODUCT = YES;
				WATCHOS_DEPLOYMENT_TARGET = 9.1;
			};
			name = Release;
		};
/* End XCBuildConfiguration section */

/* Begin XCConfigurationList section */
		1447295A2982A99100979477 /* Build configuration list for PBXProject "FishWatch" */ = {
			isa = XCConfigurationList;
			buildConfigurations = (
				144729A92982A99300979477 /* Debug */,
				144729AA2982A99300979477 /* Release */,
			);
			defaultConfigurationIsVisible = 0;
			defaultConfigurationName = Release;
		};
		144729AB2982A99300979477 /* Build configuration list for PBXNativeTarget "FishWatch Watch App" */ = {
			isa = XCConfigurationList;
			buildConfigurations = (
				144729AC2982A99300979477 /* Debug */,
				144729AD2982A99300979477 /* Release */,
			);
			defaultConfigurationIsVisible = 0;
			defaultConfigurationName = Release;
		};
		144729AF2982A99300979477 /* Build configuration list for PBXNativeTarget "FishWatch" */ = {
			isa = XCConfigurationList;
			buildConfigurations = (
				144729B02982A99300979477 /* Debug */,
				144729B12982A99300979477 /* Release */,
			);
			defaultConfigurationIsVisible = 0;
			defaultConfigurationName = Release;
		};
		144729B22982A99300979477 /* Build configuration list for PBXNativeTarget "FishWatchTests" */ = {
			isa = XCConfigurationList;
			buildConfigurations = (
				144729B32982A99300979477 /* Debug */,
				144729B42982A99300979477 /* Release */,
			);
			defaultConfigurationIsVisible = 0;
			defaultConfigurationName = Release;
		};
		144729B52982A99300979477 /* Build configuration list for PBXNativeTarget "FishWatchUITests" */ = {
			isa = XCConfigurationList;
			buildConfigurations = (
				144729B62982A99300979477 /* Debug */,
				144729B72982A99300979477 /* Release */,
			);
			defaultConfigurationIsVisible = 0;
			defaultConfigurationName = Release;
		};
		144729B82982A99300979477 /* Build configuration list for PBXNativeTarget "FishWatch Watch AppTests" */ = {
			isa = XCConfigurationList;
			buildConfigurations = (
				144729B92982A99300979477 /* Debug */,
				144729BA2982A99300979477 /* Release */,
			);
			defaultConfigurationIsVisible = 0;
			defaultConfigurationName = Release;
		};
		144729BB2982A99300979477 /* Build configuration list for PBXNativeTarget "FishWatch Watch AppUITests" */ = {
			isa = XCConfigurationList;
			buildConfigurations = (
				144729BC2982A99300979477 /* Debug */,
				144729BD2982A99300979477 /* Release */,
			);
			defaultConfigurationIsVisible = 0;
			defaultConfigurationName = Release;
		};
/* End XCConfigurationList section */
	};
	rootObject = 144729572982A99100979477 /* Project object */;
}
